
Microsoft Visual Studio Solution File, Format Version 12.00
# Visual Studio Version 17
VisualStudioVersion = 17.13.35825.156 d17.13
MinimumVisualStudioVersion = 10.0.40219.1
Project("{FAE04EC0-301F-11D3-BF4B-00C04F79EFBC}") = "TextScan", "TextScan\TextScan.csproj", "{45D940D0-87DF-41B1-B57F-83748520E022}"
EndProject
Global
	GlobalSection(SolutionConfigurationPlatforms) = preSolution
		Debug|Any CPU = Debug|Any CPU
		Release|Any CPU = Release|Any CPU
	EndGlobalSection
	GlobalSection(ProjectConfigurationPlatforms) = postSolution
		{45D940D0-87DF-41B1-B57F-83748520E022}.Debug|Any CPU.ActiveCfg = Debug|Any CPU
		{45D940D0-87DF-41B1-B57F-83748520E022}.Debug|Any CPU.Build.0 = Debug|Any CPU
		{45D940D0-87DF-41B1-B57F-83748520E022}.Release|Any CPU.ActiveCfg = Release|Any CPU
		{45D940D0-87DF-41B1-B57F-83748520E022}.Release|Any CPU.Build.0 = Release|Any CPU
	EndGlobalSection
	GlobalSection(SolutionProperties) = preSolution
		HideSolutionNode = FALSE
	EndGlobalSection
	GlobalSection(ExtensibilityGlobals) = postSolution
		SolutionGuid = {A079B2E3-9541-4A9B-BE5C-C11F161C47BF}
	EndGlobalSection
EndGlobal
